
Microsoft Visual Studio Solution File, Format Version 12.00
# Visual Studio Version 16
VisualStudioVersion = 16.0.29519.181
MinimumVisualStudioVersion = 10.0.40219.1
Project("{FAE04EC0-301F-11D3-BF4B-00C04F79EFBC}") = "GuitarShop.Server", "GuitarShop\Server\GuitarShop.Server.csproj", "{4D406729-1978-4B78-833F-F1AC0ACFD874}"
EndProject
Project("{FAE04EC0-301F-11D3-BF4B-00C04F79EFBC}") = "GuitarShop.Client", "GuitarShop\Client\GuitarShop.Client.csproj", "{3882E83A-D40D-4C5C-A69E-D43CAD7800C9}"
EndProject
Project("{FAE04EC0-301F-11D3-BF4B-00C04F79EFBC}") = "GuitarShop.Shared", "GuitarShop\Shared\GuitarShop.Shared.csproj", "{EE766D9A-9BA9-472D-BE0E-2EA61D49417E}"
EndProject
Global
	GlobalSection(SolutionConfigurationPlatforms) = preSolution
		Debug|Any CPU = Debug|Any CPU
		Release|Any CPU = Release|Any CPU
	EndGlobalSection
	GlobalSection(ProjectConfigurationPlatforms) = postSolution
		{4D406729-1978-4B78-833F-F1AC0ACFD874}.Debug|Any CPU.ActiveCfg = Debug|Any CPU
		{4D406729-1978-4B78-833F-F1AC0ACFD874}.Debug|Any CPU.Build.0 = Debug|Any CPU
		{4D406729-1978-4B78-833F-F1AC0ACFD874}.Release|Any CPU.ActiveCfg = Release|Any CPU
		{4D406729-1978-4B78-833F-F1AC0ACFD874}.Release|Any CPU.Build.0 = Release|Any CPU
		{3882E83A-D40D-4C5C-A69E-D43CAD7800C9}.Debug|Any CPU.ActiveCfg = Debug|Any CPU
		{3882E83A-D40D-4C5C-A69E-D43CAD7800C9}.Debug|Any CPU.Build.0 = Debug|Any CPU
		{3882E83A-D40D-4C5C-A69E-D43CAD7800C9}.Release|Any CPU.ActiveCfg = Release|Any CPU
		{3882E83A-D40D-4C5C-A69E-D43CAD7800C9}.Release|Any CPU.Build.0 = Release|Any CPU
		{EE766D9A-9BA9-472D-BE0E-2EA61D49417E}.Debug|Any CPU.ActiveCfg = Debug|Any CPU
		{EE766D9A-9BA9-472D-BE0E-2EA61D49417E}.Debug|Any CPU.Build.0 = Debug|Any CPU
		{EE766D9A-9BA9-472D-BE0E-2EA61D49417E}.Release|Any CPU.ActiveCfg = Release|Any CPU
		{EE766D9A-9BA9-472D-BE0E-2EA61D49417E}.Release|Any CPU.Build.0 = Release|Any CPU
	EndGlobalSection
	GlobalSection(SolutionProperties) = preSolution
		HideSolutionNode = FALSE
	EndGlobalSection
	GlobalSection(ExtensibilityGlobals) = postSolution
		SolutionGuid = {2F62A2EE-8460-4CA5-89B6-D8AB1D9528F2}
	EndGlobalSection
EndGlobal
